// !$*UTF8*$!
{
	archiveVersion = 1;
	classes = {
	};
	objectVersion = 50;
	objects = {

/* Begin PBXBuildFile section */
		28EC3A0A26F7E9CE00D319AD /* AppDelegate.swift in Sources */ = {isa = PBXBuildFile; fileRef = 28EC3A0926F7E9CE00D319AD /* AppDelegate.swift */; };
		28EC3A0C26F7E9CE00D319AD /* SceneDelegate.swift in Sources */ = {isa = PBXBuildFile; fileRef = 28EC3A0B26F7E9CE00D319AD /* SceneDelegate.swift */; };
		28EC3A0E26F7E9CE00D319AD /* ViewController.swift in Sources */ = {isa = PBXBuildFile; fileRef = 28EC3A0D26F7E9CE00D319AD /* ViewController.swift */; };
		28EC3A1126F7E9CE00D319AD /* Main.storyboard in Resources */ = {isa = PBXBuildFile; fileRef = 28EC3A0F26F7E9CE00D319AD /* Main.storyboard */; };
		28EC3A1326F7E9D300D319AD /* Assets.xcassets in Resources */ = {isa = PBXBuildFile; fileRef = 28EC3A1226F7E9D300D319AD /* Assets.xcassets */; };
		28EC3A1626F7E9D300D319AD /* LaunchScreen.storyboard in Resources */ = {isa = PBXBuildFile; fileRef = 28EC3A1426F7E9D300D319AD /* LaunchScreen.storyboard */; };
		28EC3A2C26F800B000D319AD /* ViewControllerC.swift in Sources */ = {isa = PBXBuildFile; fileRef = 28EC3A2B26F800B000D319AD /* ViewControllerC.swift */; };
		28EC3A3026F8021B00D319AD /* ViewControllerB.swift in Sources */ = {isa = PBXBuildFile; fileRef = 28EC3A2F26F8021B00D319AD /* ViewControllerB.swift */; };
/* End PBXBuildFile section */

/* Begin PBXFileReference section */
		28EC3A0626F7E9CE00D319AD /* Segue.app */ = {isa = PBXFileReference; explicitFileType = wrapper.application; includeInIndex = 0; path = Segue.app; sourceTree = BUILT_PRODUCTS_DIR; };
		28EC3A0926F7E9CE00D319AD /* AppDelegate.swift */ = {isa = PBXFileReference; lastKnownFileType = sourcecode.swift; path = AppDelegate.swift; sourceTree = "<group>"; };
		28EC3A0B26F7E9CE00D319AD /* SceneDelegate.swift */ = {isa = PBXFileReference; lastKnownFileType = sourcecode.swift; path = SceneDelegate.swift; sourceTree = "<group>"; };
		28EC3A0D26F7E9CE00D319AD /* ViewController.swift */ = {isa = PBXFileReference; lastKnownFileType = sourcecode.swift; path = ViewController.swift; sourceTree = "<group>"; };
		28EC3A1026F7E9CE00D319AD /* Base */ = {isa = PBXFileReference; lastKnownFileType = file.storyboard; name = Base; path = Base.lproj/Main.storyboard; sourceTree = "<group>"; };
		28EC3A1226F7E9D300D319AD /* Assets.xcassets */ = {isa = PBXFileReference; lastKnownFileType = folder.assetcatalog; path = Assets.xcassets; sourceTree = "<group>"; };
		28EC3A1526F7E9D300D319AD /* Base */ = {isa = PBXFileReference; lastKnownFileType = file.storyboard; name = Base; path = Base.lproj/LaunchScreen.storyboard; sourceTree = "<group>"; };
		28EC3A1726F7E9D300D319AD /* Info.plist */ = {isa = PBXFileReference; lastKnownFileType = text.plist.xml; path = Info.plist; sourceTree = "<group>"; };
		28EC3A2B26F800B000D319AD /* ViewControllerC.swift */ = {isa = PBXFileReference; lastKnownFileType = sourcecode.swift; path = ViewControllerC.swift; sourceTree = "<group>"; };
		28EC3A2F26F8021B00D319AD /* ViewControllerB.swift */ = {isa = PBXFileReference; lastKnownFileType = sourcecode.swift; path = ViewControllerB.swift; sourceTree = "<group>"; };
/* End PBXFileReference section */

/* Begin PBXFrameworksBuildPhase section */
		28EC3A0326F7E9CE00D319AD /* Frameworks */ = {
			isa = PBXFrameworksBuildPhase;
			buildActionMask = 2147483647;
			files = (
			);
			runOnlyForDeploymentPostprocessing = 0;
		};
/* End PBXFrameworksBuildPhase section */

/* Begin PBXGroup section */
		28EC39FD26F7E9CE00D319AD = {
			isa = PBXGroup;
			children = (
				28EC3A0826F7E9CE00D319AD /* Segue */,
				28EC3A0726F7E9CE00D319AD /* Products */,
			);
			sourceTree = "<group>";
		};
		28EC3A0726F7E9CE00D319AD /* Products */ = {
			isa = PBXGroup;
			children = (
				28EC3A0626F7E9CE00D319AD /* Segue.app */,
			);
			name = Products;
			sourceTree = "<group>";
		};
		28EC3A0826F7E9CE00D319AD /* Segue */ = {
			isa = PBXGroup;
			children = (
				28EC3A0926F7E9CE00D319AD /* AppDelegate.swift */,
				28EC3A0B26F7E9CE00D319AD /* SceneDelegate.swift */,
				28EC3A0D26F7E9CE00D319AD /* ViewController.swift */,
				28EC3A0F26F7E9CE00D319AD /* Main.storyboard */,
				28EC3A1226F7E9D300D319AD /* Assets.xcassets */,
				28EC3A1426F7E9D300D319AD /* LaunchScreen.storyboard */,
				28EC3A1726F7E9D300D319AD /* Info.plist */,
				28EC3A2B26F800B000D319AD /* ViewControllerC.swift */,
				28EC3A2F26F8021B00D319AD /* ViewControllerB.swift */,
			);
			path = Segue;
			sourceTree = "<group>";
		};
/* End PBXGroup section */

/* Begin PBXNativeTarget section */
		28EC3A0526F7E9CE00D319AD /* Segue */ = {
			isa = PBXNativeTarget;
			buildConfigurationList = 28EC3A1A26F7E9D300D319AD /* Build configuration list for PBXNativeTarget "Segue" */;
			buildPhases = (
				28EC3A0226F7E9CE00D319AD /* Sources */,
				28EC3A0326F7E9CE00D319AD /* Frameworks */,
				28EC3A0426F7E9CE00D319AD /* Resources */,
			);
			buildRules = (
			);
			dependencies = (
			);
			name = Segue;
			productName = Segue;
			productReference = 28EC3A0626F7E9CE00D319AD /* Segue.app */;
			productType = "com.apple.product-type.application";
		};
/* End PBXNativeTarget section */

/* Begin PBXProject section */
		28EC39FE26F7E9CE00D319AD /* Project object */ = {
			isa = PBXProject;
			attributes = {
				LastSwiftUpdateCheck = 1240;
				LastUpgradeCheck = 1240;
				TargetAttributes = {
					28EC3A0526F7E9CE00D319AD = {
						CreatedOnToolsVersion = 12.4;
					};
				};
			};
			buildConfigurationList = 28EC3A0126F7E9CE00D319AD /* Build configuration list for PBXProject "Segue" */;
			compatibilityVersion = "Xcode 9.3";
			developmentRegion = en;
			hasScannedForEncodings = 0;
			knownRegions = (
				en,
				Base,
			);
			mainGroup = 28EC39FD26F7E9CE00D319AD;
			productRefGroup = 28EC3A0726F7E9CE00D319AD /* Products */;
			projectDirPath = "";
			projectRoot = "";
			targets = (
				28EC3A0526F7E9CE00D319AD /* Segue */,
			);
		};
/* End PBXProject section */

/* Begin PBXResourcesBuildPhase section */
		28EC3A0426F7E9CE00D319AD /* Resources */ = {
			isa = PBXResourcesBuildPhase;
			buildActionMask = 2147483647;
			files = (
				28EC3A1626F7E9D300D319AD /* LaunchScreen.storyboard in Resources */,
				28EC3A1326F7E9D300D319AD /* Assets.xcassets in Resources */,
				28EC3A1126F7E9CE00D319AD /* Main.storyboard in Resources */,
			);
			runOnlyForDeploymentPostprocessing = 0;
		};
/* End PBXResourcesBuildPhase section */

/* Begin PBXSourcesBuildPhase section */
		28EC3A0226F7E9CE00D319AD /* Sources */ = {
			isa = PBXSourcesBuildPhase;
			buildActionMask = 2147483647;
			files = (
				28EC3A0E26F7E9CE00D319AD /* ViewController.swift in Sources */,
				28EC3A2C26F800B000D319AD /* ViewControllerC.swift in Sources */,
				28EC3A3026F8021B00D319AD /* ViewControllerB.swift in Sources */,
				28EC3A0A26F7E9CE00D319AD /* AppDelegate.swift in Sources */,
				28EC3A0C26F7E9CE00D319AD /* SceneDelegate.swift in Sources */,
			);
			runOnlyForDeploymentPostprocessing = 0;
		};
/* End PBXSourcesBuildPhase section */

/* Begin PBXVariantGroup section */
		28EC3A0F26F7E9CE00D319AD /* Main.storyboard */ = {
			isa = PBXVariantGroup;
			children = (
				28EC3A1026F7E9CE00D319AD /* Base */,
			);
			name = Main.storyboard;
			sourceTree = "<group>";
		};
		28EC3A1426F7E9D300D319AD /* LaunchScreen.storyboard */ = {
			isa = PBXVariantGroup;
			children = (
				28EC3A1526F7E9D300D319AD /* Base */,
			);
			name = LaunchScreen.storyboard;
			sourceTree = "<group>";
		};
/* End PBXVariantGroup section */

/* Begin XCBuildConfiguration section */
		28EC3A1826F7E9D300D319AD /* Debug */ = {
			isa = XCBuildConfiguration;
			buildSettings = {
				ALWAYS_SEARCH_USER_PATHS = NO;
				CLANG_ANALYZER_NONNULL = YES;
				CLANG_ANALYZER_NUMBER_OBJECT_CONVERSION = YES_AGGRESSIVE;
				CLANG_CXX_LANGUAGE_STANDARD = "gnu++14";
				CLANG_CXX_LIBRARY = "libc++";
				CLANG_ENABLE_MODULES = YES;
				CLANG_ENABLE_OBJC_ARC = YES;
				CLANG_ENABLE_OBJC_WEAK = YES;
				CLANG_WARN_BLOCK_CAPTURE_AUTORELEASING = YES;
				CLANG_WARN_BOOL_CONVERSION = YES;
				CLANG_WARN_COMMA = YES;
				CLANG_WARN_CONSTANT_CONVERSION = YES;
				CLANG_WARN_DEPRECATED_OBJC_IMPLEMENTATIONS = YES;
				CLANG_WARN_DIRECT_OBJC_ISA_USAGE = YES_ERROR;
				CLANG_WARN_DOCUMENTATION_COMMENTS = YES;
				CLANG_WARN_EMPTY_BODY = YES;
				CLANG_WARN_ENUM_CONVERSION = YES;
				CLANG_WARN_INFINITE_RECURSION = YES;
				CLANG_WARN_INT_CONVERSION = YES;
				CLANG_WARN_NON_LITERAL_NULL_CONVERSION = YES;
				CLANG_WARN_OBJC_IMPLICIT_RETAIN_SELF = YES;
				CLANG_WARN_OBJC_LITERAL_CONVERSION = YES;
				CLANG_WARN_OBJC_ROOT_CLASS = YES_ERROR;
				CLANG_WARN_QUOTED_INCLUDE_IN_FRAMEWORK_HEADER = YES;
				CLANG_WARN_RANGE_LOOP_ANALYSIS = YES;
				CLANG_WARN_STRICT_PROTOTYPES = YES;
				CLANG_WARN_SUSPICIOUS_MOVE = YES;
				CLANG_WARN_UNGUARDED_AVAILABILITY = YES_AGGRESSIVE;
				CLANG_WARN_UNREACHABLE_CODE = YES;
				CLANG_WARN__DUPLICATE_METHOD_MATCH = YES;
				COPY_PHASE_STRIP = NO;
				DEBUG_INFORMATION_FORMAT = dwarf;
				ENABLE_STRICT_OBJC_MSGSEND = YES;
				ENABLE_TESTABILITY = YES;
				GCC_C_LANGUAGE_STANDARD = gnu11;
				GCC_DYNAMIC_NO_PIC = NO;
				GCC_NO_COMMON_BLOCKS = YES;
				GCC_OPTIMIZATION_LEVEL = 0;
				GCC_PREPROCESSOR_DEFINITIONS = (
					"DEBUG=1",
					"$(inherited)",
				);
				GCC_WARN_64_TO_32_BIT_CONVERSION = YES;
				GCC_WARN_ABOUT_RETURN_TYPE = YES_ERROR;
				GCC_WARN_UNDECLARED_SELECTOR = YES;
				GCC_WARN_UNINITIALIZED_AUTOS = YES_AGGRESSIVE;
				GCC_WARN_UNUSED_FUNCTION = YES;
				GCC_WARN_UNUSED_VARIABLE = YES;
				IPHONEOS_DEPLOYMENT_TARGET = 14.4;
				MTL_ENABLE_DEBUG_INFO = INCLUDE_SOURCE;
				MTL_FAST_MATH = YES;
				ONLY_ACTIVE_ARCH = YES;
				SDKROOT = iphoneos;
				SWIFT_ACTIVE_COMPILATION_CONDITIONS = DEBUG;
				SWIFT_OPTIMIZATION_LEVEL = "-Onone";
			};
			name = Debug;
		};
		28EC3A1926F7E9D300D319AD /* Release */ = {
			isa = XCBuildConfiguration;
			buildSettings = {
				ALWAYS_SEARCH_USER_PATHS = NO;
				CLANG_ANALYZER_NONNULL = YES;
				CLANG_ANALYZER_NUMBER_OBJECT_CONVERSION = YES_AGGRESSIVE;
				CLANG_CXX_LANGUAGE_STANDARD = "gnu++14";
				CLANG_CXX_LIBRARY = "libc++";
				CLANG_ENABLE_MODULES = YES;
				CLANG_ENABLE_OBJC_ARC = YES;
				CLANG_ENABLE_OBJC_WEAK = YES;
				CLANG_WARN_BLOCK_CAPTURE_AUTORELEASING = YES;
				CLANG_WARN_BOOL_CONVERSION = YES;
				CLANG_WARN_COMMA = YES;
				CLANG_WARN_CONSTANT_CONVERSION = YES;
				CLANG_WARN_DEPRECATED_OBJC_IMPLEMENTATIONS = YES;
				CLANG_WARN_DIRECT_OBJC_ISA_USAGE = YES_ERROR;
				CLANG_WARN_DOCUMENTATION_COMMENTS = YES;
				CLANG_WARN_EMPTY_BODY = YES;
				CLANG_WARN_ENUM_CONVERSION = YES;
				CLANG_WARN_INFINITE_RECURSION = YES;
				CLANG_WARN_INT_CONVERSION = YES;
				CLANG_WARN_NON_LITERAL_NULL_CONVERSION = YES;
				CLANG_WARN_OBJC_IMPLICIT_RETAIN_SELF = YES;
				CLANG_WARN_OBJC_LITERAL_CONVERSION = YES;
				CLANG_WARN_OBJC_ROOT_CLASS = YES_ERROR;
				CLANG_WARN_QUOTED_INCLUDE_IN_FRAMEWORK_HEADER = YES;
				CLANG_WARN_RANGE_LOOP_ANALYSIS = YES;
				CLANG_WARN_STRICT_PROTOTYPES = YES;
				CLANG_WARN_SUSPICIOUS_MOVE = YES;
				CLANG_WARN_UNGUARDED_AVAILABILITY = YES_AGGRESSIVE;
				CLANG_WARN_UNREACHABLE_CODE = YES;
				CLANG_WARN__DUPLICATE_METHOD_MATCH = YES;
				COPY_PHASE_STRIP = NO;
				DEBUG_INFORMATION_FORMAT = "dwarf-with-dsym";
				ENABLE_NS_ASSERTIONS = NO;
				ENABLE_STRICT_OBJC_MSGSEND = YES;
				GCC_C_LANGUAGE_STANDARD = gnu11;
				GCC_NO_COMMON_BLOCKS = YES;
				GCC_WARN_64_TO_32_BIT_CONVERSION = YES;
				GCC_WARN_ABOUT_RETURN_TYPE = YES_ERROR;
				GCC_WARN_UNDECLARED_SELECTOR = YES;
				GCC_WARN_UNINITIALIZED_AUTOS = YES_AGGRESSIVE;
				GCC_WARN_UNUSED_FUNCTION = YES;
				GCC_WARN_UNUSED_VARIABLE = YES;
				IPHONEOS_DEPLOYMENT_TARGET = 14.4;
				MTL_ENABLE_DEBUG_INFO = NO;
				MTL_FAST_MATH = YES;
				SDKROOT = iphoneos;
				SWIFT_COMPILATION_MODE = wholemodule;
				SWIFT_OPTIMIZATION_LEVEL = "-O";
				VALIDATE_PRODUCT = YES;
			};
			name = Release;
		};
		28EC3A1B26F7E9D300D319AD /* Debug */ = {
			isa = XCBuildConfiguration;
			buildSettings = {
				ASSETCATALOG_COMPILER_APPICON_NAME = AppIcon;
				ASSETCATALOG_COMPILER_GLOBAL_ACCENT_COLOR_NAME = AccentColor;
				CODE_SIGN_STYLE = Automatic;
				INFOPLIST_FILE = Segue/Info.plist;
				LD_RUNPATH_SEARCH_PATHS = (
					"$(inherited)",
					"@executable_path/Frameworks",
				);
				PRODUCT_BUNDLE_IDENTIFIER = com.ricardogc.Segue;
				PRODUCT_NAME = "$(TARGET_NAME)";
				SWIFT_VERSION = 5.0;
				TARGETED_DEVICE_FAMILY = "1,2";
			};
			name = Debug;
		};
		28EC3A1C26F7E9D300D319AD /* Release */ = {
			isa = XCBuildConfiguration;
			buildSettings = {
				ASSETCATALOG_COMPILER_APPICON_NAME = AppIcon;
				ASSETCATALOG_COMPILER_GLOBAL_ACCENT_COLOR_NAME = AccentColor;
				CODE_SIGN_STYLE = Automatic;
				INFOPLIST_FILE = Segue/Info.plist;
				LD_RUNPATH_SEARCH_PATHS = (
					"$(inherited)",
					"@executable_path/Frameworks",
				);
				PRODUCT_BUNDLE_IDENTIFIER = com.ricardogc.Segue;
				PRODUCT_NAME = "$(TARGET_NAME)";
				SWIFT_VERSION = 5.0;
				TARGETED_DEVICE_FAMILY = "1,2";
			};
			name = Release;
		};
/* End XCBuildConfiguration section */

/* Begin XCConfigurationList section */
		28EC3A0126F7E9CE00D319AD /* Build configuration list for PBXProject "Segue" */ = {
			isa = XCConfigurationList;
			buildConfigurations = (
				28EC3A1826F7E9D300D319AD /* Debug */,
				28EC3A1926F7E9D300D319AD /* Release */,
			);
			defaultConfigurationIsVisible = 0;
			defaultConfigurationName = Release;
		};
		28EC3A1A26F7E9D300D319AD /* Build configuration list for PBXNativeTarget "Segue" */ = {
			isa = XCConfigurationList;
			buildConfigurations = (
				28EC3A1B26F7E9D300D319AD /* Debug */,
				28EC3A1C26F7E9D300D319AD /* Release */,
			);
			defaultConfigurationIsVisible = 0;
			defaultConfigurationName = Release;
		};
/* End XCConfigurationList section */
	};
	rootObject = 28EC39FE26F7E9CE00D319AD /* Project object */;
}
